# This file is automatically @generated by Cargo.
# It is not intended for manual editing.
version = 3

[[package]]
name = "ManagingConditions"
version = "0.1.0"

[[package]]
name = "a_shortcut_for_propagating_errors"
version = "0.1.0"

[[package]]
name = "about"
version = "0.1.0"

[[package]]
name = "accessing_values_in_a_hash_map"
version = "0.1.0"

[[package]]
name = "add_conditions"
version = "0.1.0"

[[package]]
name = "adding_custom_failure_messages"
version = "0.1.0"

[[package]]
name = "adding_useful_functionality_with_derived_traits"
version = "0.1.0"

[[package]]
name = "advanced_errors"
version = "0.1.0"

[[package]]
name = "advanced_errors_2"
version = "0.1.0"

[[package]]
name = "arc1"
version = "0.1.0"
dependencies = [
 "escargot",
]

[[package]]
name = "arrays"
version = "0.1.0"

[[package]]
name = "asref_and_asmut"
version = "0.1.0"

[[package]]
name = "assert"
version = "0.1.0"
dependencies = [
 "escargot",
]

[[package]]
name = "assert_eq"
version = "0.1.0"
dependencies = [
 "escargot",
]

[[package]]
name = "associated_functions"
version = "0.1.0"

[[package]]
name = "atomic_reference_counting_with_arc"
version = "0.1.0"

[[package]]
name = "attribute_like_macros"
version = "0.1.0"

[[package]]
name = "backyard"
version = "0.1.0"

[[package]]
name = "basic_datatypes_intro"
version = "0.1.0"

[[package]]
name = "boolean"
version = "0.1.0"

[[package]]
name = "booleans"
version = "0.1.0"

[[package]]
name = "borrowing_values_with_references"
version = "0.1.0"

[[package]]
name = "box_task"
version = "0.1.0"

[[package]]
name = "bringing_paths_into_scope_with_the_use_keyword"
version = "0.1.0"

[[package]]
name = "build_string_from_literals"
version = "0.1.0"

[[package]]
name = "build_team_scores_table"
version = "0.1.0"

[[package]]
name = "calculate_price"
version = "0.1.0"

[[package]]
name = "calling_a_macro"
version = "0.1.0"

[[package]]
name = "calling_methods_without_default_implementations"
version = "0.1.0"

[[package]]
name = "capitalize_first"
version = "0.1.0"

[[package]]
name = "capturing_references_or_moving_ownership"
version = "0.1.0"

[[package]]
name = "capturing_the_environment_with_closures"
version = "0.1.0"

[[package]]
name = "catch_all_patterns_and_the___placeholder"
version = "0.1.0"

[[package]]
name = "cfg-if"
version = "1.0.0"
source = "registry+https://github.com/rust-lang/crates.io-index"
checksum = "baf1de4339761588bc0619e3cbc0120ee582ebb74b53b4efbf79117bd2da40fd"

[[package]]
name = "channels_and_ownership_transference"
version = "0.1.0"

[[package]]
name = "characters"
version = "0.1.0"

[[package]]
name = "characters_test"
version = "0.1.0"

[[package]]
name = "check_clippy_for_option"
version = "0.1.0"

[[package]]
name = "check_more_clippy_suggestions"
version = "0.1.0"

[[package]]
name = "checking_for_panics_with_should_panic_"
version = "0.1.0"

[[package]]
name = "checking_results_with_the_assert_macro"
version = "0.1.0"

[[package]]
name = "clone_and_copy"
version = "0.1.0"

[[package]]
name = "clone_or_copy"
version = "0.1.0"

[[package]]
name = "closure-example"
version = "0.1.0"

[[package]]
name = "code_without_duplications"
version = "0.1.0"

[[package]]
name = "color_structs"
version = "0.1.0"

[[package]]
name = "combine_traits"
version = "0.1.0"

[[package]]
name = "compare_licenses"
version = "0.1.0"

[[package]]
name = "compound_types"
version = "0.1.0"

[[package]]
name = "computing_the_largest_number"
version = "0.1.0"

[[package]]
name = "conditional_loops_with_while"
version = "0.1.0"

[[package]]
name = "constants"
version = "0.1.0"

[[package]]
name = "count_progress"
version = "0.1.0"

[[package]]
name = "count_typed_cells"
version = "0.1.0"

[[package]]
name = "course_view"
version = "0.1.0"

[[package]]
name = "creating_a_channel"
version = "0.1.0"

[[package]]
name = "creating_a_new_hash_map"
version = "0.1.0"

[[package]]
name = "creating_a_new_string"
version = "0.1.0"

[[package]]
name = "creating_a_new_thread_with_spawn"
version = "0.1.0"

[[package]]
name = "creating_a_new_vector"
version = "0.1.0"

[[package]]
name = "creating_instances_from_other_instances"
version = "0.1.0"

[[package]]
name = "creating_multiple_producers_by_cloning_the_transmitter"
version = "0.1.0"

[[package]]
name = "dangling_references"
version = "0.1.0"

[[package]]
name = "declarative_macros_with_macro_rules"
version = "0.1.0"

[[package]]
name = "declaring_a_hashmap"
version = "0.1.0"

[[package]]
name = "declaring_a_vector"
version = "0.1.0"

[[package]]
name = "default_implementations"
version = "0.1.0"

[[package]]
name = "define_an_enum"
version = "0.1.0"

[[package]]
name = "defining_a_function"
version = "0.1.0"

[[package]]
name = "defining_a_trait"
version = "0.1.0"

[[package]]
name = "defining_an_enum"
version = "0.1.0"

[[package]]
name = "defining_and_initiating_structs"
version = "0.1.0"

[[package]]
name = "defining_structs"
version = "0.1.0"

[[package]]
name = "dropping_a_vector_drops_its_elements"
version = "0.1.0"

[[package]]
name = "duplicated_code_fragments"
version = "0.1.0"

[[package]]
name = "editor"
version = "0.1.0"

[[package]]
name = "else_if"
version = "0.1.0"

[[package]]
name = "enum_values_with_data"
version = "0.1.0"

[[package]]
name = "enum_values_with_different_data"
version = "0.1.0"

[[package]]
name = "enum_variant_types"
version = "0.1.0"

[[package]]
name = "enums_intro"
version = "0.1.0"

[[package]]
name = "enums_with_data_and_methods"
version = "0.1.0"

[[package]]
name = "error_handling_intro"
version = "0.1.0"

[[package]]
name = "errors5"
version = "0.1.0"

[[package]]
name = "errors6"
version = "0.1.0"

[[package]]
name = "escargot"
version = "0.5.10"
source = "registry+https://github.com/rust-lang/crates.io-index"
checksum = "4f474c6844cbd04e783d0f25757583db4f491770ca618bedf2fb01815fc79939"
dependencies = [
 "log",
 "once_cell",
 "serde",
 "serde_json",
]

[[package]]
name = "example_structs"
version = "0.1.0"

[[package]]
name = "explore_scopes"
version = "0.1.0"

[[package]]
name = "exposing_paths_with_the_pub_keyword"
version = "0.1.0"

[[package]]
name = "external_linter"
version = "0.1.0"

[[package]]
name = "extract_function"
version = "0.1.0"

[[package]]
name = "filter_a_sequence_with_a_closure"
version = "0.1.0"

[[package]]
name = "find_a_sum"
version = "0.1.0"

[[package]]
name = "fixing_the_largest_function_with_trait_bounds"
version = "0.1.0"

[[package]]
name = "floating_point_types"
version = "0.1.0"

[[package]]
name = "from_into"
version = "0.1.0"

[[package]]
name = "fromstr"
version = "0.1.0"

[[package]]
name = "function_like_macros"
version = "0.1.0"

[[package]]
name = "function_parameters"
version = "0.1.0"

[[package]]
name = "functions_intro"
version = "0.1.0"

[[package]]
name = "functions_new_ide"
version = "0.1.0"

[[package]]
name = "functions_with_return_values_"
version = "0.1.0"

[[package]]
name = "generic_data_types"
version = "0.1.0"

[[package]]
name = "generic_lifetimes_in_functions"
version = "0.1.0"

[[package]]
name = "generic_type_parameters__trait_bounds__and_lifetimes_together_"
version = "0.1.0"

[[package]]
name = "generic_types_intro"
version = "0.1.0"

[[package]]
name = "generics_in_structs"
version = "0.1.0"

[[package]]
name = "generics_in_vec"
version = "0.1.0"

[[package]]
name = "getrandom"
version = "0.2.15"
source = "registry+https://github.com/rust-lang/crates.io-index"
checksum = "c4567c8db10ae91089c99af84c68c38da3ec2f087c3f82960bcdbf3656b6f4d7"
dependencies = [
 "cfg-if",
 "libc",
 "wasi",
]

[[package]]
name = "hash_maps_and_ownership"
version = "0.1.0"

[[package]]
name = "hashmaps"
version = "0.1.0"

[[package]]
name = "hello_macro"
version = "0.1.0"

[[package]]
name = "hello_macro_derive"
version = "0.1.0"
dependencies = [
 "quote",
 "syn 1.0.109",
]

[[package]]
name = "hello_world"
version = "0.1.0"
dependencies = [
 "escargot",
]

[[package]]
name = "home_alone"
version = "0.1.0"

[[package]]
name = "how_to_write_a_custom_derive_macro"
version = "0.1.0"
dependencies = [
 "hello_macro",
 "hello_macro_derive",
]

[[package]]
name = "if_intro"
version = "0.1.0"

[[package]]
name = "if_let"
version = "0.1.0"

[[package]]
name = "if_task"
version = "0.1.0"

[[package]]
name = "implement_a_macro"
version = "0.1.0"

[[package]]
name = "implement_match"
version = "0.1.0"

[[package]]
name = "implementing_a_trait_on_a_type"
version = "0.1.0"

[[package]]
name = "in_enum_definitions"
version = "0.1.0"

[[package]]
name = "in_method_definitions"
version = "0.1.0"

[[package]]
name = "in_struct_definitions"
version = "0.1.0"

[[package]]
name = "indexing_into_strings"
version = "0.1.0"

[[package]]
name = "integer_types"
version = "0.1.0"

[[package]]
name = "integration_tests"
version = "0.1.0"

[[package]]
name = "intro"
version = "0.1.0"

[[package]]
name = "intro_closures"
version = "0.1.0"

[[package]]
name = "intro_generics"
version = "0.1.0"

[[package]]
name = "intro_methods"
version = "0.1.0"

[[package]]
name = "intro_ownership"
version = "0.1.0"

[[package]]
name = "intro_references_and_borrowing"
version = "0.1.0"

[[package]]
name = "intro_sp"
version = "0.1.0"

[[package]]
name = "intro_tests"
version = "0.1.0"

[[package]]
name = "intro_using_threads"
version = "0.1.0"

[[package]]
name = "intro_vectors"
version = "0.1.0"

[[package]]
name = "iterable_collection"
version = "0.1.0"

[[package]]
name = "iterating_over_strings"
version = "0.1.0"

[[package]]
name = "iterating_over_the_values_in_a_vector"
version = "0.1.0"

[[package]]
name = "iterator3"
version = "0.1.0"

[[package]]
name = "iterators4"
version = "0.1.0"

[[package]]
name = "itoa"
version = "1.0.11"
source = "registry+https://github.com/rust-lang/crates.io-index"
checksum = "49f1f14873335454500d59611f1cf4a4b0f786f9ac11f4312a78e4cf2566695b"

[[package]]
name = "join_all_handles"
version = "0.1.0"
dependencies = [
 "escargot",
]

[[package]]
name = "lamp_with_switchers"
version = "0.1.0"

[[package]]
name = "libc"
version = "0.2.155"
source = "registry+https://github.com/rust-lang/crates.io-index"
checksum = "97b3888a4aecf77e811145cadf6eef5901f4782c53886191b2f693f24761847c"

[[package]]
name = "license_it"
version = "0.1.0"

[[package]]
name = "lifetime_annotation_syntax"
version = "0.1.0"

[[package]]
name = "lifetime_annotations_in_function_signatures"
version = "0.1.0"

[[package]]
name = "lifetime_annotations_in_method_definitions"
version = "0.1.0"

[[package]]
name = "lifetime_annotations_in_struct_definitions"
version = "0.1.0"

[[package]]
name = "lifetime_elision"
version = "0.1.0"

[[package]]
name = "lifetime_going_out_of_scope"
version = "0.1.0"

[[package]]
name = "lifetime_syntax"
version = "0.1.0"

[[package]]
name = "lifetimes_for_structs_with_references"
version = "0.1.0"

[[package]]
name = "log"
version = "0.4.21"
source = "registry+https://github.com/rust-lang/crates.io-index"
checksum = "90ed8c1e510134f979dbc4f070f87d4313098b704861a105fe34231c70a3901c"

[[package]]
name = "loop_over_a_vector"
version = "0.1.0"

[[package]]
name = "loop_over_vector_with_iterators"
version = "0.1.0"

[[package]]
name = "looping_through_a_collection_with_for"
version = "0.1.0"

[[package]]
name = "macro_arms"
version = "0.1.0"

[[package]]
name = "macros2"
version = "0.1.0"

[[package]]
name = "macros3"
version = "0.1.0"

[[package]]
name = "macros_intro"
version = "0.1.0"

[[package]]
name = "making_structs_and_enums_public"
version = "0.1.0"

[[package]]
name = "match_operator"
version = "0.1.0"

[[package]]
name = "matches_are_exhaustive"
version = "0.1.0"

[[package]]
name = "matching_on_different_errors"
version = "0.1.0"

[[package]]
name = "matching_result"
version = "0.1.0"

[[package]]
name = "matching_result_2"
version = "0.1.0"

[[package]]
name = "matching_with_option"
version = "0.1.0"

[[package]]
name = "method_syntax"
version = "0.1.0"

[[package]]
name = "methods_that_consume_the_iterator"
version = "0.1.0"

[[package]]
name = "methods_that_produce_other_iterators"
version = "0.1.0"

[[package]]
name = "methods_with_more_parameters"
version = "0.1.0"

[[package]]
name = "mixing_generic_types"
version = "0.1.0"

[[package]]
name = "modifying_a_hashmap"
version = "0.1.0"

[[package]]
name = "modules3"
version = "0.1.0"

[[package]]
name = "modules_intro"
version = "0.1.0"

[[package]]
name = "more_exclamations"
version = "0.1.0"
dependencies = [
 "escargot",
]

[[package]]
name = "more_exclamations_2"
version = "0.1.0"
dependencies = [
 "escargot",
]

[[package]]
name = "more_exclamations_3"
version = "0.1.0"
dependencies = [
 "escargot",
]

[[package]]
name = "more_exclamations_4"
version = "0.1.0"
dependencies = [
 "escargot",
]

[[package]]
name = "more_exclamations_5"
version = "0.1.0"
dependencies = [
 "escargot",
]

[[package]]
name = "more_exclamations_6"
version = "0.1.0"
dependencies = [
 "escargot",
]

[[package]]
name = "move_mutate_or_what"
version = "0.1.0"
dependencies = [
 "escargot",
]

[[package]]
name = "moving_a_transmitting_end"
version = "0.1.0"

[[package]]
name = "moving_captured_values_out_of_the_closure_and_the_fn_traits"
version = "0.1.0"

[[package]]
name = "moving_ownership"
version = "0.1.0"

[[package]]
name = "multiple_ownership_with_multiple_threads"
version = "0.1.0"

[[package]]
name = "mutable_references"
version = "0.1.0"

[[package]]
name = "navigating_around"
version = "0.1.0"

[[package]]
name = "numeric_operations"
version = "0.1.0"

[[package]]
name = "numeric_test"
version = "0.1.0"

[[package]]
name = "once_cell"
version = "1.19.0"
source = "registry+https://github.com/rust-lang/crates.io-index"
checksum = "3fdb12b2476b595f9358c5161aa467c2438859caa136dec86c26fdd2efe17b92"

[[package]]
name = "option3"
version = "0.1.0"

[[package]]
name = "optional_value"
version = "0.1.0"

[[package]]
name = "other_slices"
version = "0.1.0"

[[package]]
name = "ownership_and_functions"
version = "0.1.0"

[[package]]
name = "passing_an_argument"
version = "0.1.0"

[[package]]
name = "paths_for_referring_to_an_item_in_the_module_tree"
version = "0.1.0"

[[package]]
name = "patterns_that_bind_to_values"
version = "0.1.0"

[[package]]
name = "performance_of_code_using_generics"
version = "0.1.0"

[[package]]
name = "ppv-lite86"
version = "0.2.17"
source = "registry+https://github.com/rust-lang/crates.io-index"
checksum = "5b40af805b3121feab8a3c29f04d8ad262fa8e0561883e7653e024ae4479e6de"

[[package]]
name = "preventing_dangling_references_with_lifetimes_"
version = "0.1.0"

[[package]]
name = "print_months"
version = "0.1.0"

[[package]]
name = "print_months_once_again"
version = "0.1.0"
dependencies = [
 "escargot",
]

[[package]]
name = "proc-macro2"
version = "1.0.84"
source = "registry+https://github.com/rust-lang/crates.io-index"
checksum = "ec96c6a92621310b51366f1e28d05ef11489516e93be030060e5fc12024a49d6"
dependencies = [
 "unicode-ident",
]

[[package]]
name = "procedural_macros_for_generating_code_from_attributes"
version = "0.1.0"

[[package]]
name = "process_some_strings"
version = "0.1.0"

[[package]]
name = "propagating_errors"
version = "0.1.0"

[[package]]
name = "propagating_errors_in_main"
version = "0.1.0"

[[package]]
name = "providing_new_names_with_the_as_keyword"
version = "0.1.0"

[[package]]
name = "public_modifier"
version = "0.1.0"
dependencies = [
 "escargot",
]

[[package]]
name = "public_modifier_2"
version = "0.1.0"
dependencies = [
 "escargot",
]

[[package]]
name = "quote"
version = "1.0.36"
source = "registry+https://github.com/rust-lang/crates.io-index"
checksum = "0fa76aaf39101c457836aec0ce2316dbdc3ab723cdda1c6bd4e6ad4208acaca7"
dependencies = [
 "proc-macro2",
]

[[package]]
name = "rand"
version = "0.8.5"
source = "registry+https://github.com/rust-lang/crates.io-index"
checksum = "34af8d1a0e25924bc5b7c43c079c942339d8f0a8b57c39049bef581b46327404"
dependencies = [
 "libc",
 "rand_chacha",
 "rand_core",
]

[[package]]
name = "rand_chacha"
version = "0.3.1"
source = "registry+https://github.com/rust-lang/crates.io-index"
checksum = "e6c10a63a0fa32252be49d21e7709d4d4baf8d231c2dbce1eaa8141b9b127d88"
dependencies = [
 "ppv-lite86",
 "rand_core",
]

[[package]]
name = "rand_core"
version = "0.6.4"
source = "registry+https://github.com/rust-lang/crates.io-index"
checksum = "ec0be4795e2f6a28069bec0b5ff3e2ac9bafc99e6a9a7dc3547996c5c816922c"
dependencies = [
 "getrandom",
]

[[package]]
name = "ranges"
version = "0.1.0"

[[package]]
name = "re_exporting_names_with_pub_use"
version = "0.1.0"

[[package]]
name = "reading_elements_of_vectors"
version = "0.1.0"

[[package]]
name = "receiving_values"
version = "0.1.0"

[[package]]
name = "recoverable_errors_with_result"
version = "0.1.0"

[[package]]
name = "rectangles"
version = "0.1.0"

[[package]]
name = "refactoring_with_structs__adding_more_meaning"
version = "0.1.0"

[[package]]
name = "refactoring_with_tuples"
version = "0.1.0"

[[package]]
name = "reference_vs_push"
version = "0.1.0"

[[package]]
name = "repetition_with_loops"
version = "0.1.0"

[[package]]
name = "restaurant"
version = "0.1.0"

[[package]]
name = "restriction_of_mutable_references"
version = "0.1.0"

[[package]]
name = "result1"
version = "0.1.0"

[[package]]
name = "return_a_value"
version = "0.1.0"

[[package]]
name = "return_type"
version = "0.1.0"

[[package]]
name = "return_values_and_scope"
version = "0.1.0"

[[package]]
name = "returning_a_string"
version = "0.1.0"

[[package]]
name = "returning_result"
version = "0.1.0"

[[package]]
name = "returning_types_that_implement_traits"
version = "0.1.0"

[[package]]
name = "running_tests"
version = "0.1.0"

[[package]]
name = "ryu"
version = "1.0.18"
source = "registry+https://github.com/rust-lang/crates.io-index"
checksum = "f3cb5ba0dc43242ce17de99c180e96db90b235b8a9fdc9543c96d2209116bd9f"

[[package]]
name = "scopes_of_references"
version = "0.1.0"

[[package]]
name = "sending_multiple_values_and_seeing_the_receiver_waiting"
version = "0.1.0"

[[package]]
name = "separating_modules_into_different_files"
version = "0.1.0"

[[package]]
name = "serde"
version = "1.0.203"
source = "registry+https://github.com/rust-lang/crates.io-index"
checksum = "7253ab4de971e72fb7be983802300c30b5a7f0c2e56fab8abfc6a214307c0094"
dependencies = [
 "serde_derive",
]

[[package]]
name = "serde_derive"
version = "1.0.203"
source = "registry+https://github.com/rust-lang/crates.io-index"
checksum = "500cbc0ebeb6f46627f50f3f5811ccf6bf00643be300b4c3eabc0ef55dc5b5ba"
dependencies = [
 "proc-macro2",
 "quote",
 "syn 2.0.66",
]

[[package]]
name = "serde_json"
version = "1.0.117"
source = "registry+https://github.com/rust-lang/crates.io-index"
checksum = "455182ea6142b14f93f4bc5320a2b31c1f266b66a4a5c858b013302a5d8cbfc3"
dependencies = [
 "itoa",
 "ryu",
 "serde",
]

[[package]]
name = "shadowing"
version = "0.1.0"

[[package]]
name = "shared_state_concurrency"
version = "0.1.0"

[[package]]
name = "sharing_a_mutex_between_multiple_threads"
version = "0.1.0"

[[package]]
name = "shortcuts_for_panic_on_error___unwrap_and_expect"
version = "0.1.0"

[[package]]
name = "show_type"
version = "0.1.0"
dependencies = [
 "escargot",
]

[[package]]
name = "similarities_between_refcell_rc_and_mutex_arc"
version = "0.1.0"

[[package]]
name = "slices"
version = "0.1.0"
dependencies = [
 "escargot",
]

[[package]]
name = "slicing_strings"
version = "0.1.0"

[[package]]
name = "specify_lifetimes"
version = "0.1.0"

[[package]]
name = "statements_and_expressions"
version = "0.1.0"

[[package]]
name = "stdlib_intro"
version = "0.1.0"

[[package]]
name = "string_literals_are_slices"
version = "0.1.0"

[[package]]
name = "string_slice"
version = "0.1.0"

[[package]]
name = "string_slices"
version = "0.1.0"

[[package]]
name = "string_slices_as_parameters"
version = "0.1.0"

[[package]]
name = "string_trait"
version = "0.1.0"

[[package]]
name = "string_transformer"
version = "0.1.0"

[[package]]
name = "strings_and_strs"
version = "0.1.0"
dependencies = [
 "escargot",
]

[[package]]
name = "strings_intro"
version = "0.1.0"

[[package]]
name = "struct_logic"
version = "0.1.0"

[[package]]
name = "struct_update"
version = "0.1.0"

[[package]]
name = "structs_intro"
version = "0.1.0"

[[package]]
name = "submodules"
version = "0.1.0"

[[package]]
name = "sum_all_numbers"
version = "0.1.0"
dependencies = [
 "escargot",
]

[[package]]
name = "summary_errors"
version = "0.1.0"

[[package]]
name = "summary_generics"
version = "0.1.0"

[[package]]
name = "summary_macros"
version = "0.1.0"

[[package]]
name = "summary_match"
version = "0.1.0"

[[package]]
name = "summary_modules"
version = "0.1.0"

[[package]]
name = "summary_slices"
version = "0.1.0"

[[package]]
name = "summary_strings"
version = "0.1.0"

[[package]]
name = "summary_structs"
version = "0.1.0"

[[package]]
name = "summary_tests"
version = "0.1.0"

[[package]]
name = "summer_slice"
version = "0.1.0"

[[package]]
name = "syn"
version = "1.0.109"
source = "registry+https://github.com/rust-lang/crates.io-index"
checksum = "72b64191b275b66ffe2469e8af2c1cfe3bafa67b529ead792a6d0160888b4237"
dependencies = [
 "proc-macro2",
 "quote",
 "unicode-ident",
]

[[package]]
name = "syn"
version = "2.0.66"
source = "registry+https://github.com/rust-lang/crates.io-index"
checksum = "c42f3f41a2de00b01c0aaad383c5a45241efc8b2d1eda5661812fda5f3cdcff5"
dependencies = [
 "proc-macro2",
 "quote",
 "unicode-ident",
]

[[package]]
name = "task5"
version = "0.1.0"

[[package]]
name = "task9"
version = "0.1.0"

[[package]]
name = "task_description"
version = "0.1.0"

[[package]]
name = "test_organization"
version = "0.1.0"

[[package]]
name = "testing_equality_with_the_assert_eq_and_assert_ne_macros"
version = "0.1.0"

[[package]]
name = "testing_task"
version = "0.1.0"
dependencies = [
 "escargot",
]

[[package]]
name = "the_anatomy_of_a_test_function"
version = "0.1.0"

[[package]]
name = "the_api_of_mutex"
version = "0.1.0"

[[package]]
name = "the_borrow_checker"
version = "0.1.0"

[[package]]
name = "the_difference_between_macros_and_functions"
version = "0.1.0"

[[package]]
name = "the_glob_operator"
version = "0.1.0"

[[package]]
name = "the_iterator_trait_and_the_next_method"
version = "0.1.0"

[[package]]
name = "the_option_enum"
version = "0.1.0"

[[package]]
name = "the_rules_of_references"
version = "0.1.0"

[[package]]
name = "the_slice_type"
version = "0.1.0"

[[package]]
name = "the_static_lifetime"
version = "0.1.0"

[[package]]
name = "the_string_type"
version = "0.1.0"

[[package]]
name = "the_tuple_type"
version = "0.1.0"

[[package]]
name = "thinking_in_terms_of_lifetimes"
version = "0.1.0"

[[package]]
name = "threads"
version = "0.1.0"
dependencies = [
 "escargot",
]

[[package]]
name = "times_two_tests"
version = "0.1.0"

[[package]]
name = "trait_bound_syntax"
version = "0.1.0"

[[package]]
name = "traits"
version = "0.1.0"

[[package]]
name = "traits_as_parameters"
version = "0.1.0"

[[package]]
name = "trim_a_string"
version = "0.1.0"

[[package]]
name = "try_from_into"
version = "0.1.0"

[[package]]
name = "tuple_index"
version = "0.1.0"
dependencies = [
 "escargot",
]

[[package]]
name = "tuple_structs"
version = "0.1.0"

[[package]]
name = "tuples"
version = "0.1.0"
dependencies = [
 "escargot",
]

[[package]]
name = "type_annotation_of_a_parameter"
version = "0.1.0"

[[package]]
name = "unicode-ident"
version = "1.0.12"
source = "registry+https://github.com/rust-lang/crates.io-index"
checksum = "3354b9ac3fae1ff6755cb6db53683adb661634f67557942dea4facebec0fee4b"

[[package]]
name = "unify_lifetimes"
version = "0.1.0"

[[package]]
name = "unit_tests"
version = "0.1.0"

[[package]]
name = "unrecoverable_errors_with_panic"
version = "0.1.0"

[[package]]
name = "unwrap_or_else"
version = "0.1.0"

[[package]]
name = "updating_a_hash_map"
version = "0.1.0"

[[package]]
name = "updating_a_string"
version = "0.1.0"

[[package]]
name = "updating_a_vector"
version = "0.1.0"

[[package]]
name = "use_clippy_as_external_linter"
version = "0.1.0"

[[package]]
name = "use_cow"
version = "0.1.0"

[[package]]
name = "use_option"
version = "0.1.0"

[[package]]
name = "use_rc"
version = "0.1.0"

[[package]]
name = "using_a_panic_backtrace_"
version = "0.1.0"

[[package]]
name = "using_as"
version = "0.1.0"

[[package]]
name = "using_closures_that_capture_their_environment"
version = "0.1.0"

[[package]]
name = "using_external_packages"
version = "0.1.0"
dependencies = [
 "rand",
]

[[package]]
name = "using_if_in_a_let_statement_"
version = "0.1.0"

[[package]]
name = "using_message_passing_to_transfer_data_between_threads"
version = "0.1.0"

[[package]]
name = "using_move_closures_with_threads"
version = "0.1.0"

[[package]]
name = "using_mutexes"
version = "0.1.0"

[[package]]
name = "using_nested_paths_to_clean_up_large_use_lists"
version = "0.1.0"

[[package]]
name = "using_result_in_tests"
version = "0.1.0"

[[package]]
name = "using_the_field_init_shorthand"
version = "0.1.0"

[[package]]
name = "using_trait_bounds_to_conditionally_implement_methods"
version = "0.1.0"

[[package]]
name = "variable_scope"
version = "0.1.0"

[[package]]
name = "variables1"
version = "0.1.0"

[[package]]
name = "variables2"
version = "0.1.0"

[[package]]
name = "variables3"
version = "0.1.0"

[[package]]
name = "variables4"
version = "0.1.0"

[[package]]
name = "variables5"
version = "0.1.0"

[[package]]
name = "variables6"
version = "0.1.0"

[[package]]
name = "variables_and_mutability"
version = "0.1.0"

[[package]]
name = "variables_intro"
version = "0.1.0"

[[package]]
name = "variables_new_ide"
version = "0.1.0"

[[package]]
name = "vec_trait"
version = "0.1.0"

[[package]]
name = "vectors"
version = "0.1.0"

[[package]]
name = "waiting_for_all_threads_to_finish_using_join_handles"
version = "0.1.0"

[[package]]
name = "wasi"
version = "0.11.0+wasi-snapshot-preview1"
source = "registry+https://github.com/rust-lang/crates.io-index"
checksum = "9c8d87e72b64a3b4db28d11ce29237c246188f4f51057d65a7eab63b7987e423"

[[package]]
name = "who_owns_the_ring_of_power"
version = "0.1.0"

[[package]]
name = "workers_in_the_engine"
version = "0.1.0"
